
Microsoft Visual Studio Solution File, Format Version 12.00
# Visual Studio Version 16
VisualStudioVersion = 16.0.31320.298
MinimumVisualStudioVersion = 10.0.40219.1
Project("{9A19103F-16F7-4668-BE54-9A1E7A4F7556}") = "BlazorStatic", "BlazorStatic.csproj", "{A652ABAF-0F41-4ADD-BB63-C063075ABD55}"
EndProject
Project("{9A19103F-16F7-4668-BE54-9A1E7A4F7556}") = "BlazorStatic.Shared", "..\Libraries\BlazorStatic.Shared\BlazorStatic.Shared.csproj", "{E93F8E68-320A-4CF9-A95C-DE4A53056D76}"
EndProject
Project("{9A19103F-16F7-4668-BE54-9A1E7A4F7556}") = "Blazor.Api", "..\Api\Blazor.Api\Blazor.Api.csproj", "{A76E665A-6045-4F9A-A8AE-E9033289A4A6}"
EndProject
Global
	GlobalSection(SolutionConfigurationPlatforms) = preSolution
		Debug|Any CPU = Debug|Any CPU
		Release|Any CPU = Release|Any CPU
	EndGlobalSection
	GlobalSection(ProjectConfigurationPlatforms) = postSolution
		{A652ABAF-0F41-4ADD-BB63-C063075ABD55}.Debug|Any CPU.ActiveCfg = Debug|Any CPU
		{A652ABAF-0F41-4ADD-BB63-C063075ABD55}.Debug|Any CPU.Build.0 = Debug|Any CPU
		{A652ABAF-0F41-4ADD-BB63-C063075ABD55}.Release|Any CPU.ActiveCfg = Release|Any CPU
		{A652ABAF-0F41-4ADD-BB63-C063075ABD55}.Release|Any CPU.Build.0 = Release|Any CPU
		{E93F8E68-320A-4CF9-A95C-DE4A53056D76}.Debug|Any CPU.ActiveCfg = Debug|Any CPU
		{E93F8E68-320A-4CF9-A95C-DE4A53056D76}.Debug|Any CPU.Build.0 = Debug|Any CPU
		{E93F8E68-320A-4CF9-A95C-DE4A53056D76}.Release|Any CPU.ActiveCfg = Release|Any CPU
		{E93F8E68-320A-4CF9-A95C-DE4A53056D76}.Release|Any CPU.Build.0 = Release|Any CPU
		{A76E665A-6045-4F9A-A8AE-E9033289A4A6}.Debug|Any CPU.ActiveCfg = Debug|Any CPU
		{A76E665A-6045-4F9A-A8AE-E9033289A4A6}.Debug|Any CPU.Build.0 = Debug|Any CPU
		{A76E665A-6045-4F9A-A8AE-E9033289A4A6}.Release|Any CPU.ActiveCfg = Release|Any CPU
		{A76E665A-6045-4F9A-A8AE-E9033289A4A6}.Release|Any CPU.Build.0 = Release|Any CPU
	EndGlobalSection
	GlobalSection(SolutionProperties) = preSolution
		HideSolutionNode = FALSE
	EndGlobalSection
	GlobalSection(ExtensibilityGlobals) = postSolution
		SolutionGuid = {C3A612AD-8B8B-4B04-A76A-673D7315C390}
	EndGlobalSection
EndGlobal
